
Microsoft Visual Studio Solution File, Format Version 12.00
Project("{FAE04EC0-301F-11D3-BF4B-00C04F79EFBC}") = "eShop", "eShop\eShop.csproj", "{681A09EA-776D-4B6B-B7A8-9F370BE45405}"
EndProject
Project("{2150E333-8FDC-42A3-9474-1A3956D46DE8}") = "Solution Items", "Solution Items", "{E5859101-F725-4799-A856-D90F6E654E49}"
	ProjectSection(SolutionItems) = preProject
		docker-compose.yml = docker-compose.yml
	EndProjectSection
EndProject
Project("{FAE04EC0-301F-11D3-BF4B-00C04F79EFBC}") = "eShop.UnitTests", "eShop.UnitTests\eShop.UnitTests.csproj", "{B5060C6B-4F4F-4C47-A37B-B7B591D9F091}"
EndProject
Project("{FAE04EC0-301F-11D3-BF4B-00C04F79EFBC}") = "eShop.IntegrationTests", "eShop.IntegrationTests\eShop.IntegrationTests.csproj", "{C18E456D-E1DF-45B8-A2F4-B32AB2197357}"
EndProject
Project("{FAE04EC0-301F-11D3-BF4B-00C04F79EFBC}") = "eShop.FunctionalTests", "eShop.FunctionalTests\eShop.FunctionalTests.csproj", "{04F32B3F-F2F4-4C6A-BD6C-3A02928CAE43}"
EndProject
Global
	GlobalSection(SolutionConfigurationPlatforms) = preSolution
		Debug|Any CPU = Debug|Any CPU
		Release|Any CPU = Release|Any CPU
	EndGlobalSection
	GlobalSection(ProjectConfigurationPlatforms) = postSolution
		{681A09EA-776D-4B6B-B7A8-9F370BE45405}.Debug|Any CPU.ActiveCfg = Debug|Any CPU
		{681A09EA-776D-4B6B-B7A8-9F370BE45405}.Debug|Any CPU.Build.0 = Debug|Any CPU
		{681A09EA-776D-4B6B-B7A8-9F370BE45405}.Release|Any CPU.ActiveCfg = Release|Any CPU
		{681A09EA-776D-4B6B-B7A8-9F370BE45405}.Release|Any CPU.Build.0 = Release|Any CPU
		{B5060C6B-4F4F-4C47-A37B-B7B591D9F091}.Debug|Any CPU.ActiveCfg = Debug|Any CPU
		{B5060C6B-4F4F-4C47-A37B-B7B591D9F091}.Debug|Any CPU.Build.0 = Debug|Any CPU
		{B5060C6B-4F4F-4C47-A37B-B7B591D9F091}.Release|Any CPU.ActiveCfg = Release|Any CPU
		{B5060C6B-4F4F-4C47-A37B-B7B591D9F091}.Release|Any CPU.Build.0 = Release|Any CPU
		{C18E456D-E1DF-45B8-A2F4-B32AB2197357}.Debug|Any CPU.ActiveCfg = Debug|Any CPU
		{C18E456D-E1DF-45B8-A2F4-B32AB2197357}.Debug|Any CPU.Build.0 = Debug|Any CPU
		{C18E456D-E1DF-45B8-A2F4-B32AB2197357}.Release|Any CPU.ActiveCfg = Release|Any CPU
		{C18E456D-E1DF-45B8-A2F4-B32AB2197357}.Release|Any CPU.Build.0 = Release|Any CPU
		{04F32B3F-F2F4-4C6A-BD6C-3A02928CAE43}.Debug|Any CPU.ActiveCfg = Debug|Any CPU
		{04F32B3F-F2F4-4C6A-BD6C-3A02928CAE43}.Debug|Any CPU.Build.0 = Debug|Any CPU
		{04F32B3F-F2F4-4C6A-BD6C-3A02928CAE43}.Release|Any CPU.ActiveCfg = Release|Any CPU
		{04F32B3F-F2F4-4C6A-BD6C-3A02928CAE43}.Release|Any CPU.Build.0 = Release|Any CPU
	EndGlobalSection
EndGlobal
