
Microsoft Visual Studio Solution File, Format Version 12.00
Project("{FAE04EC0-301F-11D3-BF4B-00C04F79EFBC}") = "eShop", "eShop\eShop.csproj", "{681A09EA-776D-4B6B-B7A8-9F370BE45405}"
EndProject
Project("{2150E333-8FDC-42A3-9474-1A3956D46DE8}") = "Solution Items", "Solution Items", "{E5859101-F725-4799-A856-D90F6E654E49}"
	ProjectSection(SolutionItems) = preProject
		docker-compose.yml = docker-compose.yml
	EndProjectSection
EndProject
Project("{FAE04EC0-301F-11D3-BF4B-00C04F79EFBC}") = "eShop.Host", "eShop.Host\eShop.Host.csproj", "{BC7108E4-B4D1-47CA-B2F4-08A9E0AE73A1}"
EndProject
Project("{FAE04EC0-301F-11D3-BF4B-00C04F79EFBC}") = "eShop.Shared", "eShop.Shared\eShop.Shared.csproj", "{871D12D8-D704-448D-8E13-B7F078234726}"
EndProject
Project("{FAE04EC0-301F-11D3-BF4B-00C04F79EFBC}") = "eShop.Infrastructure", "eShop.Infrastructure\eShop.Infrastructure.csproj", "{5F344397-5F32-4941-882E-6BFEC6E10C21}"
EndProject
Project("{FAE04EC0-301F-11D3-BF4B-00C04F79EFBC}") = "eShop.Modules.Auth", "eShop.Modules.Auth\eShop.Modules.Auth.csproj", "{F5703E59-C6C5-443D-AF0E-D46FA1B52E6A}"
EndProject
Project("{FAE04EC0-301F-11D3-BF4B-00C04F79EFBC}") = "eShop.Modules.Catalog", "eShop.Modules.Catalog\eShop.Modules.Catalog.csproj", "{02DFDA20-2195-4323-9388-E8ACABEE7052}"
EndProject
Global
	GlobalSection(SolutionConfigurationPlatforms) = preSolution
		Debug|Any CPU = Debug|Any CPU
		Release|Any CPU = Release|Any CPU
	EndGlobalSection
	GlobalSection(ProjectConfigurationPlatforms) = postSolution
		{681A09EA-776D-4B6B-B7A8-9F370BE45405}.Debug|Any CPU.ActiveCfg = Debug|Any CPU
		{681A09EA-776D-4B6B-B7A8-9F370BE45405}.Debug|Any CPU.Build.0 = Debug|Any CPU
		{681A09EA-776D-4B6B-B7A8-9F370BE45405}.Release|Any CPU.ActiveCfg = Release|Any CPU
		{681A09EA-776D-4B6B-B7A8-9F370BE45405}.Release|Any CPU.Build.0 = Release|Any CPU
		{BC7108E4-B4D1-47CA-B2F4-08A9E0AE73A1}.Debug|Any CPU.ActiveCfg = Debug|Any CPU
		{BC7108E4-B4D1-47CA-B2F4-08A9E0AE73A1}.Debug|Any CPU.Build.0 = Debug|Any CPU
		{BC7108E4-B4D1-47CA-B2F4-08A9E0AE73A1}.Release|Any CPU.ActiveCfg = Release|Any CPU
		{BC7108E4-B4D1-47CA-B2F4-08A9E0AE73A1}.Release|Any CPU.Build.0 = Release|Any CPU
		{871D12D8-D704-448D-8E13-B7F078234726}.Debug|Any CPU.ActiveCfg = Debug|Any CPU
		{871D12D8-D704-448D-8E13-B7F078234726}.Debug|Any CPU.Build.0 = Debug|Any CPU
		{871D12D8-D704-448D-8E13-B7F078234726}.Release|Any CPU.ActiveCfg = Release|Any CPU
		{871D12D8-D704-448D-8E13-B7F078234726}.Release|Any CPU.Build.0 = Release|Any CPU
		{5F344397-5F32-4941-882E-6BFEC6E10C21}.Debug|Any CPU.ActiveCfg = Debug|Any CPU
		{5F344397-5F32-4941-882E-6BFEC6E10C21}.Debug|Any CPU.Build.0 = Debug|Any CPU
		{5F344397-5F32-4941-882E-6BFEC6E10C21}.Release|Any CPU.ActiveCfg = Release|Any CPU
		{5F344397-5F32-4941-882E-6BFEC6E10C21}.Release|Any CPU.Build.0 = Release|Any CPU
		{F5703E59-C6C5-443D-AF0E-D46FA1B52E6A}.Debug|Any CPU.ActiveCfg = Debug|Any CPU
		{F5703E59-C6C5-443D-AF0E-D46FA1B52E6A}.Debug|Any CPU.Build.0 = Debug|Any CPU
		{F5703E59-C6C5-443D-AF0E-D46FA1B52E6A}.Release|Any CPU.ActiveCfg = Release|Any CPU
		{F5703E59-C6C5-443D-AF0E-D46FA1B52E6A}.Release|Any CPU.Build.0 = Release|Any CPU
		{02DFDA20-2195-4323-9388-E8ACABEE7052}.Debug|Any CPU.ActiveCfg = Debug|Any CPU
		{02DFDA20-2195-4323-9388-E8ACABEE7052}.Debug|Any CPU.Build.0 = Debug|Any CPU
		{02DFDA20-2195-4323-9388-E8ACABEE7052}.Release|Any CPU.ActiveCfg = Release|Any CPU
		{02DFDA20-2195-4323-9388-E8ACABEE7052}.Release|Any CPU.Build.0 = Release|Any CPU
	EndGlobalSection
	GlobalSection(NestedProjects) = preSolution
	EndGlobalSection
EndGlobal
